PODS:
  - Alamofire (5.2.2)
  - IQKeyboardManagerSwift (6.5.6)
  - SDWebImage/Core (5.8.4)
  - SDWebImage/MapKit (5.8.4):
    - SDWebImage/Core
  - SVProgressHUD (2.2.5)

DEPENDENCIES:
  - Alamofire
  - IQKeyboardManagerSwift
  - SDWebImage/MapKit
  - SVProgressHUD

SPEC REPOS:
  trunk:
    - Alamofire
    - IQKeyboardManagerSwift
    - SDWebImage
    - SVProgressHUD

SPEC CHECKSUMS:
  Alamofire: 814429acc853c6c54ff123fc3d2ef66803823ce0
  IQKeyboardManagerSwift: c7df9d2deb356c04522f5c4b7b6e4ce4d8ed94fe
  SDWebImage: cf6922231e95550934da2ada0f20f2becf2ceba9
  SVProgressHUD: 1428aafac632c1f86f62aa4243ec12008d7a51d6

PODFILE CHECKSUM: 453177d4b14d1c91841c9ce598c7e3cc7f5d9895

COCOAPODS: 1.10.1
